// !$*UTF8*$!
{
	archiveVersion = 1;
	classes = {
	};
	objectVersion = 46;
	objects = {

/* Begin PBXBuildFile section */
		CBB1D0E41A08D9A800D84FB9 /* AppDelegate.swift in Sources */ = {isa = PBXBuildFile; fileRef = CBB1D0E31A08D9A800D84FB9 /* AppDelegate.swift */; };
		CBB1D0E61A08D9A800D84FB9 /* FirstViewController.swift in Sources */ = {isa = PBXBuildFile; fileRef = CBB1D0E51A08D9A800D84FB9 /* FirstViewController.swift */; };
		CBB1D0E81A08D9A800D84FB9 /* SecondViewController.swift in Sources */ = {isa = PBXBuildFile; fileRef = CBB1D0E71A08D9A800D84FB9 /* SecondViewController.swift */; };
		CBB1D0EB1A08D9A800D84FB9 /* Main.storyboard in Resources */ = {isa = PBXBuildFile; fileRef = CBB1D0E91A08D9A800D84FB9 /* Main.storyboard */; };
		CBB1D0ED1A08D9A800D84FB9 /* Images.xcassets in Resources */ = {isa = PBXBuildFile; fileRef = CBB1D0EC1A08D9A800D84FB9 /* Images.xcassets */; };
		CBB1D0F01A08D9A800D84FB9 /* LaunchScreen.xib in Resources */ = {isa = PBXBuildFile; fileRef = CBB1D0EE1A08D9A800D84FB9 /* LaunchScreen.xib */; };
		CBB1D0FC1A08D9A800D84FB9 /* JumpTests.swift in Sources */ = {isa = PBXBuildFile; fileRef = CBB1D0FB1A08D9A800D84FB9 /* JumpTests.swift */; };
		CBB1D1061A0900A000D84FB9 /* MainCell.swift in Sources */ = {isa = PBXBuildFile; fileRef = CBB1D1051A0900A000D84FB9 /* MainCell.swift */; };
/* End PBXBuildFile section */

/* Begin PBXContainerItemProxy section */
		CBB1D0F61A08D9A800D84FB9 /* PBXContainerItemProxy */ = {
			isa = PBXContainerItemProxy;
			containerPortal = CBB1D0D61A08D9A800D84FB9 /* Project object */;
			proxyType = 1;
			remoteGlobalIDString = CBB1D0DD1A08D9A800D84FB9;
			remoteInfo = Jump;
		};
/* End PBXContainerItemProxy section */

/* Begin PBXFileReference section */
		CBB1D0DE1A08D9A800D84FB9 /* Jump.app */ = {isa = PBXFileReference; explicitFileType = wrapper.application; includeInIndex = 0; path = Jump.app; sourceTree = BUILT_PRODUCTS_DIR; };
		CBB1D0E21A08D9A800D84FB9 /* Info.plist */ = {isa = PBXFileReference; lastKnownFileType = text.plist.xml; path = Info.plist; sourceTree = "<group>"; };
		CBB1D0E31A08D9A800D84FB9 /* AppDelegate.swift */ = {isa = PBXFileReference; lastKnownFileType = sourcecode.swift; path = AppDelegate.swift; sourceTree = "<group>"; };
		CBB1D0E51A08D9A800D84FB9 /* FirstViewController.swift */ = {isa = PBXFileReference; lastKnownFileType = sourcecode.swift; path = FirstViewController.swift; sourceTree = "<group>"; };
		CBB1D0E71A08D9A800D84FB9 /* SecondViewController.swift */ = {isa = PBXFileReference; lastKnownFileType = sourcecode.swift; path = SecondViewController.swift; sourceTree = "<group>"; };
		CBB1D0EA1A08D9A800D84FB9 /* Base */ = {isa = PBXFileReference; lastKnownFileType = file.storyboard; name = Base; path = Base.lproj/Main.storyboard; sourceTree = "<group>"; };
		CBB1D0EC1A08D9A800D84FB9 /* Images.xcassets */ = {isa = PBXFileReference; lastKnownFileType = folder.assetcatalog; path = Images.xcassets; sourceTree = "<group>"; };
		CBB1D0EF1A08D9A800D84FB9 /* Base */ = {isa = PBXFileReference; lastKnownFileType = file.xib; name = Base; path = Base.lproj/LaunchScreen.xib; sourceTree = "<group>"; };
		CBB1D0F51A08D9A800D84FB9 /* JumpTests.xctest */ = {isa = PBXFileReference; explicitFileType = wrapper.cfbundle; includeInIndex = 0; path = JumpTests.xctest; sourceTree = BUILT_PRODUCTS_DIR; };
		CBB1D0FA1A08D9A800D84FB9 /* Info.plist */ = {isa = PBXFileReference; lastKnownFileType = text.plist.xml; path = Info.plist; sourceTree = "<group>"; };
		CBB1D0FB1A08D9A800D84FB9 /* JumpTests.swift */ = {isa = PBXFileReference; lastKnownFileType = sourcecode.swift; path = JumpTests.swift; sourceTree = "<group>"; };
		CBB1D1051A0900A000D84FB9 /* MainCell.swift */ = {isa = PBXFileReference; fileEncoding = 4; lastKnownFileType = sourcecode.swift; path = MainCell.swift; sourceTree = "<group>"; };
/* End PBXFileReference section */

/* Begin PBXFrameworksBuildPhase section */
		CBB1D0DB1A08D9A800D84FB9 /* Frameworks */ = {
			isa = PBXFrameworksBuildPhase;
			buildActionMask = 2147483647;
			files = (
			);
			runOnlyForDeploymentPostprocessing = 0;
		};
		CBB1D0F21A08D9A800D84FB9 /* Frameworks */ = {
			isa = PBXFrameworksBuildPhase;
			buildActionMask = 2147483647;
			files = (
			);
			runOnlyForDeploymentPostprocessing = 0;
		};
/* End PBXFrameworksBuildPhase section */

/* Begin PBXGroup section */
		CBB1D0D51A08D9A800D84FB9 = {
			isa = PBXGroup;
			children = (
				CBB1D0E01A08D9A800D84FB9 /* Jump */,
				CBB1D0F81A08D9A800D84FB9 /* JumpTests */,
				CBB1D0DF1A08D9A800D84FB9 /* Products */,
			);
			sourceTree = "<group>";
		};
		CBB1D0DF1A08D9A800D84FB9 /* Products */ = {
			isa = PBXGroup;
			children = (
				CBB1D0DE1A08D9A800D84FB9 /* Jump.app */,
				CBB1D0F51A08D9A800D84FB9 /* JumpTests.xctest */,
			);
			name = Products;
			sourceTree = "<group>";
		};
		CBB1D0E01A08D9A800D84FB9 /* Jump */ = {
			isa = PBXGroup;
			children = (
				CBB1D0E31A08D9A800D84FB9 /* AppDelegate.swift */,
				CBB1D0E51A08D9A800D84FB9 /* FirstViewController.swift */,
				CBB1D0E71A08D9A800D84FB9 /* SecondViewController.swift */,
				CBB1D1051A0900A000D84FB9 /* MainCell.swift */,
				CBB1D0E91A08D9A800D84FB9 /* Main.storyboard */,
				CBB1D0EC1A08D9A800D84FB9 /* Images.xcassets */,
				CBB1D0EE1A08D9A800D84FB9 /* LaunchScreen.xib */,
				CBB1D0E11A08D9A800D84FB9 /* Supporting Files */,
			);
			path = Jump;
			sourceTree = "<group>";
		};
		CBB1D0E11A08D9A800D84FB9 /* Supporting Files */ = {
			isa = PBXGroup;
			children = (
				CBB1D0E21A08D9A800D84FB9 /* Info.plist */,
			);
			name = "Supporting Files";
			sourceTree = "<group>";
		};
		CBB1D0F81A08D9A800D84FB9 /* JumpTests */ = {
			isa = PBXGroup;
			children = (
				CBB1D0FB1A08D9A800D84FB9 /* JumpTests.swift */,
				CBB1D0F91A08D9A800D84FB9 /* Supporting Files */,
			);
			path = JumpTests;
			sourceTree = "<group>";
		};
		CBB1D0F91A08D9A800D84FB9 /* Supporting Files */ = {
			isa = PBXGroup;
			children = (
				CBB1D0FA1A08D9A800D84FB9 /* Info.plist */,
			);
			name = "Supporting Files";
			sourceTree = "<group>";
		};
/* End PBXGroup section */

/* Begin PBXNativeTarget section */
		CBB1D0DD1A08D9A800D84FB9 /* Jump */ = {
			isa = PBXNativeTarget;
			buildConfigurationList = CBB1D0FF1A08D9A800D84FB9 /* Build configuration list for PBXNativeTarget "Jump" */;
			buildPhases = (
				CBB1D0DA1A08D9A800D84FB9 /* Sources */,
				CBB1D0DB1A08D9A800D84FB9 /* Frameworks */,
				CBB1D0DC1A08D9A800D84FB9 /* Resources */,
			);
			buildRules = (
			);
			dependencies = (
			);
			name = Jump;
			productName = Jump;
			productReference = CBB1D0DE1A08D9A800D84FB9 /* Jump.app */;
			productType = "com.apple.product-type.application";
		};
		CBB1D0F41A08D9A800D84FB9 /* JumpTests */ = {
			isa = PBXNativeTarget;
			buildConfigurationList = CBB1D1021A08D9A800D84FB9 /* Build configuration list for PBXNativeTarget "JumpTests" */;
			buildPhases = (
				CBB1D0F11A08D9A800D84FB9 /* Sources */,
				CBB1D0F21A08D9A800D84FB9 /* Frameworks */,
				CBB1D0F31A08D9A800D84FB9 /* Resources */,
			);
			buildRules = (
			);
			dependencies = (
				CBB1D0F71A08D9A800D84FB9 /* PBXTargetDependency */,
			);
			name = JumpTests;
			productName = JumpTests;
			productReference = CBB1D0F51A08D9A800D84FB9 /* JumpTests.xctest */;
			productType = "com.apple.product-type.bundle.unit-test";
		};
/* End PBXNativeTarget section */

/* Begin PBXProject section */
		CBB1D0D61A08D9A800D84FB9 /* Project object */ = {
			isa = PBXProject;
			attributes = {
				LastUpgradeCheck = 0610;
				ORGANIZATIONNAME = "Alexander von Below";
				TargetAttributes = {
					CBB1D0DD1A08D9A800D84FB9 = {
						CreatedOnToolsVersion = 6.1;
					};
					CBB1D0F41A08D9A800D84FB9 = {
						CreatedOnToolsVersion = 6.1;
						TestTargetID = CBB1D0DD1A08D9A800D84FB9;
					};
				};
			};
			buildConfigurationList = CBB1D0D91A08D9A800D84FB9 /* Build configuration list for PBXProject "Jump" */;
			compatibilityVersion = "Xcode 3.2";
			developmentRegion = English;
			hasScannedForEncodings = 0;
			knownRegions = (
				en,
				Base,
			);
			mainGroup = CBB1D0D51A08D9A800D84FB9;
			productRefGroup = CBB1D0DF1A08D9A800D84FB9 /* Products */;
			projectDirPath = "";
			projectRoot = "";
			targets = (
				CBB1D0DD1A08D9A800D84FB9 /* Jump */,
				CBB1D0F41A08D9A800D84FB9 /* JumpTests */,
			);
		};
/* End PBXProject section */

/* Begin PBXResourcesBuildPhase section */
		CBB1D0DC1A08D9A800D84FB9 /* Resources */ = {
			isa = PBXResourcesBuildPhase;
			buildActionMask = 2147483647;
			files = (
				CBB1D0EB1A08D9A800D84FB9 /* Main.storyboard in Resources */,
				CBB1D0F01A08D9A800D84FB9 /* LaunchScreen.xib in Resources */,
				CBB1D0ED1A08D9A800D84FB9 /* Images.xcassets in Resources */,
			);
			runOnlyForDeploymentPostprocessing = 0;
		};
		CBB1D0F31A08D9A800D84FB9 /* Resources */ = {
			isa = PBXResourcesBuildPhase;
			buildActionMask = 2147483647;
			files = (
			);
			runOnlyForDeploymentPostprocessing = 0;
		};
/* End PBXResourcesBuildPhase section */

/* Begin PBXSourcesBuildPhase section */
		CBB1D0DA1A08D9A800D84FB9 /* Sources */ = {
			isa = PBXSourcesBuildPhase;
			buildActionMask = 2147483647;
			files = (
				CBB1D0E81A08D9A800D84FB9 /* SecondViewController.swift in Sources */,
				CBB1D0E41A08D9A800D84FB9 /* AppDelegate.swift in Sources */,
				CBB1D1061A0900A000D84FB9 /* MainCell.swift in Sources */,
				CBB1D0E61A08D9A800D84FB9 /* FirstViewController.swift in Sources */,
			);
			runOnlyForDeploymentPostprocessing = 0;
		};
		CBB1D0F11A08D9A800D84FB9 /* Sources */ = {
			isa = PBXSourcesBuildPhase;
			buildActionMask = 2147483647;
			files = (
				CBB1D0FC1A08D9A800D84FB9 /* JumpTests.swift in Sources */,
			);
			runOnlyForDeploymentPostprocessing = 0;
		};
/* End PBXSourcesBuildPhase section */

/* Begin PBXTargetDependency section */
		CBB1D0F71A08D9A800D84FB9 /* PBXTargetDependency */ = {
			isa = PBXTargetDependency;
			target = CBB1D0DD1A08D9A800D84FB9 /* Jump */;
			targetProxy = CBB1D0F61A08D9A800D84FB9 /* PBXContainerItemProxy */;
		};
/* End PBXTargetDependency section */

/* Begin PBXVariantGroup section */
		CBB1D0E91A08D9A800D84FB9 /* Main.storyboard */ = {
			isa = PBXVariantGroup;
			children = (
				CBB1D0EA1A08D9A800D84FB9 /* Base */,
			);
			name = Main.storyboard;
			sourceTree = "<group>";
		};
		CBB1D0EE1A08D9A800D84FB9 /* LaunchScreen.xib */ = {
			isa = PBXVariantGroup;
			children = (
				CBB1D0EF1A08D9A800D84FB9 /* Base */,
			);
			name = LaunchScreen.xib;
			sourceTree = "<group>";
		};
/* End PBXVariantGroup section */

/* Begin XCBuildConfiguration section */
		CBB1D0FD1A08D9A800D84FB9 /* Debug */ = {
			isa = XCBuildConfiguration;
			buildSettings = {
				ALWAYS_SEARCH_USER_PATHS = NO;
				CLANG_CXX_LANGUAGE_STANDARD = "gnu++0x";
				CLANG_CXX_LIBRARY = "libc++";
				CLANG_ENABLE_MODULES = YES;
				CLANG_ENABLE_OBJC_ARC = YES;
				CLANG_WARN_BOOL_CONVERSION = YES;
				CLANG_WARN_CONSTANT_CONVERSION = YES;
				CLANG_WARN_DIRECT_OBJC_ISA_USAGE = YES_ERROR;
				CLANG_WARN_EMPTY_BODY = YES;
				CLANG_WARN_ENUM_CONVERSION = YES;
				CLANG_WARN_INT_CONVERSION = YES;
				CLANG_WARN_OBJC_ROOT_CLASS = YES_ERROR;
				CLANG_WARN_UNREACHABLE_CODE = YES;
				CLANG_WARN__DUPLICATE_METHOD_MATCH = YES;
				"CODE_SIGN_IDENTITY[sdk=iphoneos*]" = "iPhone Developer";
				COPY_PHASE_STRIP = NO;
				ENABLE_STRICT_OBJC_MSGSEND = YES;
				GCC_C_LANGUAGE_STANDARD = gnu99;
				GCC_DYNAMIC_NO_PIC = NO;
				GCC_OPTIMIZATION_LEVEL = 0;
				GCC_PREPROCESSOR_DEFINITIONS = (
					"DEBUG=1",
					"$(inherited)",
				);
				GCC_SYMBOLS_PRIVATE_EXTERN = NO;
				GCC_WARN_64_TO_32_BIT_CONVERSION = YES;
				GCC_WARN_ABOUT_RETURN_TYPE = YES_ERROR;
				GCC_WARN_UNDECLARED_SELECTOR = YES;
				GCC_WARN_UNINITIALIZED_AUTOS = YES_AGGRESSIVE;
				GCC_WARN_UNUSED_FUNCTION = YES;
				GCC_WARN_UNUSED_VARIABLE = YES;
				IPHONEOS_DEPLOYMENT_TARGET = 8.1;
				MTL_ENABLE_DEBUG_INFO = YES;
				ONLY_ACTIVE_ARCH = YES;
				SDKROOT = iphoneos;
				SWIFT_OPTIMIZATION_LEVEL = "-Onone";
			};
			name = Debug;
		};
		CBB1D0FE1A08D9A800D84FB9 /* Release */ = {
			isa = XCBuildConfiguration;
			buildSettings = {
				ALWAYS_SEARCH_USER_PATHS = NO;
				CLANG_CXX_LANGUAGE_STANDARD = "gnu++0x";
				CLANG_CXX_LIBRARY = "libc++";
				CLANG_ENABLE_MODULES = YES;
				CLANG_ENABLE_OBJC_ARC = YES;
				CLANG_WARN_BOOL_CONVERSION = YES;
				CLANG_WARN_CONSTANT_CONVERSION = YES;
				CLANG_WARN_DIRECT_OBJC_ISA_USAGE = YES_ERROR;
				CLANG_WARN_EMPTY_BODY = YES;
				CLANG_WARN_ENUM_CONVERSION = YES;
				CLANG_WARN_INT_CONVERSION = YES;
				CLANG_WARN_OBJC_ROOT_CLASS = YES_ERROR;
				CLANG_WARN_UNREACHABLE_CODE = YES;
				CLANG_WARN__DUPLICATE_METHOD_MATCH = YES;
				"CODE_SIGN_IDENTITY[sdk=iphoneos*]" = "iPhone Developer";
				COPY_PHASE_STRIP = YES;
				ENABLE_NS_ASSERTIONS = NO;
				ENABLE_STRICT_OBJC_MSGSEND = YES;
				GCC_C_LANGUAGE_STANDARD = gnu99;
				GCC_WARN_64_TO_32_BIT_CONVERSION = YES;
				GCC_WARN_ABOUT_RETURN_TYPE = YES_ERROR;
				GCC_WARN_UNDECLARED_SELECTOR = YES;
				GCC_WARN_UNINITIALIZED_AUTOS = YES_AGGRESSIVE;
				GCC_WARN_UNUSED_FUNCTION = YES;
				GCC_WARN_UNUSED_VARIABLE = YES;
				IPHONEOS_DEPLOYMENT_TARGET = 8.1;
				MTL_ENABLE_DEBUG_INFO = NO;
				SDKROOT = iphoneos;
				VALIDATE_PRODUCT = YES;
			};
			name = Release;
		};
		CBB1D1001A08D9A800D84FB9 /* Debug */ = {
			isa = XCBuildConfiguration;
			buildSettings = {
				ASSETCATALOG_COMPILER_APPICON_NAME = AppIcon;
				INFOPLIST_FILE = Jump/Info.plist;
				LD_RUNPATH_SEARCH_PATHS = "$(inherited) @executable_path/Frameworks";
				PRODUCT_NAME = "$(TARGET_NAME)";
			};
			name = Debug;
		};
		CBB1D1011A08D9A800D84FB9 /* Release */ = {
			isa = XCBuildConfiguration;
			buildSettings = {
				ASSETCATALOG_COMPILER_APPICON_NAME = AppIcon;
				INFOPLIST_FILE = Jump/Info.plist;
				LD_RUNPATH_SEARCH_PATHS = "$(inherited) @executable_path/Frameworks";
				PRODUCT_NAME = "$(TARGET_NAME)";
			};
			name = Release;
		};
		CBB1D1031A08D9A800D84FB9 /* Debug */ = {
			isa = XCBuildConfiguration;
			buildSettings = {
				BUNDLE_LOADER = "$(TEST_HOST)";
				FRAMEWORK_SEARCH_PATHS = (
					"$(SDKROOT)/Developer/Library/Frameworks",
					"$(inherited)",
				);
				GCC_PREPROCESSOR_DEFINITIONS = (
					"DEBUG=1",
					"$(inherited)",
				);
				INFOPLIST_FILE = JumpTests/Info.plist;
				LD_RUNPATH_SEARCH_PATHS = "$(inherited) @executable_path/Frameworks @loader_path/Frameworks";
				PRODUCT_NAME = "$(TARGET_NAME)";
				TEST_HOST = "$(BUILT_PRODUCTS_DIR)/Jump.app/Jump";
			};
			name = Debug;
		};
		CBB1D1041A08D9A800D84FB9 /* Release */ = {
			isa = XCBuildConfiguration;
			buildSettings = {
				BUNDLE_LOADER = "$(TEST_HOST)";
				FRAMEWORK_SEARCH_PATHS = (
					"$(SDKROOT)/Developer/Library/Frameworks",
					"$(inherited)",
				);
				INFOPLIST_FILE = JumpTests/Info.plist;
				LD_RUNPATH_SEARCH_PATHS = "$(inherited) @executable_path/Frameworks @loader_path/Frameworks";
				PRODUCT_NAME = "$(TARGET_NAME)";
				TEST_HOST = "$(BUILT_PRODUCTS_DIR)/Jump.app/Jump";
			};
			name = Release;
		};
/* End XCBuildConfiguration section */

/* Begin XCConfigurationList section */
		CBB1D0D91A08D9A800D84FB9 /* Build configuration list for PBXProject "Jump" */ = {
			isa = XCConfigurationList;
			buildConfigurations = (
				CBB1D0FD1A08D9A800D84FB9 /* Debug */,
				CBB1D0FE1A08D9A800D84FB9 /* Release */,
			);
			defaultConfigurationIsVisible = 0;
			defaultConfigurationName = Release;
		};
		CBB1D0FF1A08D9A800D84FB9 /* Build configuration list for PBXNativeTarget "Jump" */ = {
			isa = XCConfigurationList;
			buildConfigurations = (
				CBB1D1001A08D9A800D84FB9 /* Debug */,
				CBB1D1011A08D9A800D84FB9 /* Release */,
			);
			defaultConfigurationIsVisible = 0;
		};
		CBB1D1021A08D9A800D84FB9 /* Build configuration list for PBXNativeTarget "JumpTests" */ = {
			isa = XCConfigurationList;
			buildConfigurations = (
				CBB1D1031A08D9A800D84FB9 /* Debug */,
				CBB1D1041A08D9A800D84FB9 /* Release */,
			);
			defaultConfigurationIsVisible = 0;
		};
/* End XCConfigurationList section */
	};
	rootObject = CBB1D0D61A08D9A800D84FB9 /* Project object */;
}
